
Microsoft Visual Studio Solution File, Format Version 12.00
# Visual Studio Version 17
VisualStudioVersion = 17.7.34202.233
MinimumVisualStudioVersion = 10.0.40219.1
Project("{FAE04EC0-301F-11D3-BF4B-00C04F79EFBC}") = "entity_framework", "entity_framework.csproj", "{49226E6E-8E08-46DF-B2FE-75DA37139D8C}"
EndProject
Global
	GlobalSection(SolutionConfigurationPlatforms) = preSolution
		Debug|Any CPU = Debug|Any CPU
		Release|Any CPU = Release|Any CPU
	EndGlobalSection
	GlobalSection(ProjectConfigurationPlatforms) = postSolution
		{49226E6E-8E08-46DF-B2FE-75DA37139D8C}.Debug|Any CPU.ActiveCfg = Debug|Any CPU
		{49226E6E-8E08-46DF-B2FE-75DA37139D8C}.Debug|Any CPU.Build.0 = Debug|Any CPU
		{49226E6E-8E08-46DF-B2FE-75DA37139D8C}.Release|Any CPU.ActiveCfg = Release|Any CPU
		{49226E6E-8E08-46DF-B2FE-75DA37139D8C}.Release|Any CPU.Build.0 = Release|Any CPU
	EndGlobalSection
	GlobalSection(SolutionProperties) = preSolution
		HideSolutionNode = FALSE
	EndGlobalSection
	GlobalSection(ExtensibilityGlobals) = postSolution
		SolutionGuid = {E7DE8FE4-735A-4B57-A0BF-AB38E56874BB}
	EndGlobalSection
EndGlobal
